
Microsoft Visual Studio Solution File, Format Version 12.00
# Visual Studio Version 17
VisualStudioVersion = 17.0.31903.59
MinimumVisualStudioVersion = 10.0.40219.1
Project("{FAE04EC0-301F-11D3-BF4B-00C04F79EFBC}") = "Letterbook.Api", "Letterbook.Api\Letterbook.Api.csproj", "{2153952C-93B2-459A-9881-7AA82B394A80}"
EndProject
Project("{FAE04EC0-301F-11D3-BF4B-00C04F79EFBC}") = "Letterbook.Api.Tests", "Letterbook.Api.Tests\Letterbook.Api.Tests.csproj", "{26191462-CED5-4AF4-A5BD-94E31768F376}"
EndProject
Project("{FAE04EC0-301F-11D3-BF4B-00C04F79EFBC}") = "Letterbook.Core", "Letterbook.Core\Letterbook.Core.csproj", "{B0D57366-86E4-4F5E-9E2B-E116159E0059}"
EndProject
Project("{FAE04EC0-301F-11D3-BF4B-00C04F79EFBC}") = "Letterbook.Core.Tests", "Letterbook.Core.Tests\Letterbook.Core.Tests.csproj", "{DC2FBB40-F1F0-4297-B6B2-03E55B86BC77}"
EndProject
Project("{FAE04EC0-301F-11D3-BF4B-00C04F79EFBC}") = "Letterbook.Adapter.Db", "Letterbook.Adapter.Db\Letterbook.Adapter.Db.csproj", "{0F2F7B63-F6D1-4E87-A210-5DC86183E66E}"
EndProject
Project("{2150E333-8FDC-42A3-9474-1A3956D46DE8}") = "Development", "Development", "{DFA1FACC-AC5C-4B25-A0E4-718957C70BC3}"
	ProjectSection(SolutionItems) = preProject
		docker-compose.yml = docker-compose.yml
		.gitignore = .gitignore
		readme.md = readme.md
		CODE_OF_CONDUCT.md = CODE_OF_CONDUCT.md
		CONTRIBUTING.md = CONTRIBUTING.md
		docker-compose.mastodon.yml = docker-compose.mastodon.yml
		.editorconfig = .editorconfig
	EndProjectSection
EndProject
Project("{2150E333-8FDC-42A3-9474-1A3956D46DE8}") = "Docs", "Docs", "{D5E41A46-D753-4214-AF70-1839E56B4A14}"
	ProjectSection(SolutionItems) = preProject
		docs\timeline.md = docs\timeline.md
		docs\IntegrationTests.Readme.md = docs\IntegrationTests.Readme.md
		docs\Hosting.md = docs\Hosting.md
	EndProjectSection
EndProject
Project("{2150E333-8FDC-42A3-9474-1A3956D46DE8}") = "github", "github", "{25C320AC-E149-44F9-81F3-5275C7D8D334}"
	ProjectSection(SolutionItems) = preProject
		.github\workflows\pull-request.yml = .github\workflows\pull-request.yml
	EndProjectSection
EndProject
Project("{2150E333-8FDC-42A3-9474-1A3956D46DE8}") = "Decisions", "Decisions", "{4FB3BADC-1EDD-482C-8D60-AD46D676A12F}"
	ProjectSection(SolutionItems) = preProject
		docs\decisions\00-template.md = docs\decisions\00-template.md
		docs\decisions\01-system-design-guidance.md = docs\decisions\01-system-design-guidance.md
		docs\decisions\02-architecture-design-patterns.md = docs\decisions\02-architecture-design-patterns.md
		docs\decisions\03-accounts-profiles-actors.md = docs\decisions\03-accounts-profiles-actors.md
		docs\decisions\05-integration-tests.md = docs\decisions\05-integration-tests.md
		docs\decisions\06-code-review.md = docs\decisions\06-code-review.md
		docs\decisions\07-posts-data-model.md = docs\decisions\07-posts-data-model.md
		docs\decisions\08-architecture-update-01.md = docs\decisions\08-architecture-update-01.md
	EndProjectSection
EndProject
Project("{FAE04EC0-301F-11D3-BF4B-00C04F79EFBC}") = "Letterbook.Adapter.TimescaleFeeds", "Letterbook.Adapter.TimescaleFeeds\Letterbook.Adapter.TimescaleFeeds.csproj", "{DF6AFF86-FFF2-4179-917A-2FAFE10B1A88}"
EndProject
Project("{FAE04EC0-301F-11D3-BF4B-00C04F79EFBC}") = "Letterbook.Adapter.TimescaleFeeds.Tests", "Letterbook.Adapter.TimescaleFeeds.Tests\Letterbook.Adapter.TimescaleFeeds.Tests.csproj", "{E9879DF8-A3EC-4843-BC01-21C77A13D2D7}"
EndProject
Project("{FAE04EC0-301F-11D3-BF4B-00C04F79EFBC}") = "Letterbook.Adapter.ActivityPub", "Letterbook.Adapter.ActivityPub\Letterbook.Adapter.ActivityPub.csproj", "{3B5FBC03-4098-4146-A3D2-58F4B31390CC}"
EndProject
Project("{FAE04EC0-301F-11D3-BF4B-00C04F79EFBC}") = "Letterbook.Adapter.ActivityPub.Test", "Letterbook.Adapter.ActivityPub.Test\Letterbook.Adapter.ActivityPub.Test.csproj", "{151935AD-3AB8-48CB-BBAD-6AF6309B36DE}"
EndProject
Project("{FAE04EC0-301F-11D3-BF4B-00C04F79EFBC}") = "Letterbook.Adapter.Db.Tests", "Letterbook.Adapter.Db.Tests\Letterbook.Adapter.Db.Tests.csproj", "{3C206372-06A4-4C8B-8BE3-F9A8C1EB5F0B}"
EndProject
Project("{2150E333-8FDC-42A3-9474-1A3956D46DE8}") = "Http", "Http", "{1D8F2C94-1796-48A0-B9D7-172E645607F5}"
	ProjectSection(SolutionItems) = preProject
		Http\Api.http = Http\Api.http
		Http\Endpoints.http = Http\Endpoints.http
		Http\http-client.env.json = Http\http-client.env.json
		Http\http-client.private.env.json = Http\http-client.private.env.json
		Http\JSON-LD.http = Http\JSON-LD.http
		Http\readme.md = Http\readme.md
	EndProjectSection
EndProject
Project("{FAE04EC0-301F-11D3-BF4B-00C04F79EFBC}") = "Letterbook.Web", "Letterbook.Web\Letterbook.Web.csproj", "{CA5F8A6B-4388-41EA-91FB-45C9A7A53E17}"
EndProject
Project("{FAE04EC0-301F-11D3-BF4B-00C04F79EFBC}") = "Letterbook.Api.Authentication.HttpSignature", "Letterbook.Api.Authentication.HttpSignature\Letterbook.Api.Authentication.HttpSignature.csproj", "{C2B3F054-B9F8-4EE8-847C-A290E7588F12}"
EndProject
Project("{FAE04EC0-301F-11D3-BF4B-00C04F79EFBC}") = "Letterbook", "Letterbook\Letterbook.csproj", "{11BCFCEF-2E6A-48DF-A6BD-37CC80E25EDB}"
EndProject
Project("{FAE04EC0-301F-11D3-BF4B-00C04F79EFBC}") = "Letterbook.Workers", "Letterbook.Workers\Letterbook.Workers.csproj", "{E53BF0A3-8A77-45A9-8CFF-606F20B46789}"
EndProject
Global
	GlobalSection(SolutionConfigurationPlatforms) = preSolution
		Debug|Any CPU = Debug|Any CPU
		Release|Any CPU = Release|Any CPU
	EndGlobalSection
	GlobalSection(SolutionProperties) = preSolution
		HideSolutionNode = FALSE
	EndGlobalSection
	GlobalSection(ProjectConfigurationPlatforms) = postSolution
		{2153952C-93B2-459A-9881-7AA82B394A80}.Debug|Any CPU.ActiveCfg = Debug|Any CPU
		{2153952C-93B2-459A-9881-7AA82B394A80}.Debug|Any CPU.Build.0 = Debug|Any CPU
		{2153952C-93B2-459A-9881-7AA82B394A80}.Release|Any CPU.ActiveCfg = Release|Any CPU
		{2153952C-93B2-459A-9881-7AA82B394A80}.Release|Any CPU.Build.0 = Release|Any CPU
		{26191462-CED5-4AF4-A5BD-94E31768F376}.Debug|Any CPU.ActiveCfg = Debug|Any CPU
		{26191462-CED5-4AF4-A5BD-94E31768F376}.Debug|Any CPU.Build.0 = Debug|Any CPU
		{26191462-CED5-4AF4-A5BD-94E31768F376}.Release|Any CPU.ActiveCfg = Release|Any CPU
		{26191462-CED5-4AF4-A5BD-94E31768F376}.Release|Any CPU.Build.0 = Release|Any CPU
		{B0D57366-86E4-4F5E-9E2B-E116159E0059}.Debug|Any CPU.ActiveCfg = Debug|Any CPU
		{B0D57366-86E4-4F5E-9E2B-E116159E0059}.Debug|Any CPU.Build.0 = Debug|Any CPU
		{B0D57366-86E4-4F5E-9E2B-E116159E0059}.Release|Any CPU.ActiveCfg = Release|Any CPU
		{B0D57366-86E4-4F5E-9E2B-E116159E0059}.Release|Any CPU.Build.0 = Release|Any CPU
		{DC2FBB40-F1F0-4297-B6B2-03E55B86BC77}.Debug|Any CPU.ActiveCfg = Debug|Any CPU
		{DC2FBB40-F1F0-4297-B6B2-03E55B86BC77}.Debug|Any CPU.Build.0 = Debug|Any CPU
		{DC2FBB40-F1F0-4297-B6B2-03E55B86BC77}.Release|Any CPU.ActiveCfg = Release|Any CPU
		{DC2FBB40-F1F0-4297-B6B2-03E55B86BC77}.Release|Any CPU.Build.0 = Release|Any CPU
		{0F2F7B63-F6D1-4E87-A210-5DC86183E66E}.Debug|Any CPU.ActiveCfg = Debug|Any CPU
		{0F2F7B63-F6D1-4E87-A210-5DC86183E66E}.Debug|Any CPU.Build.0 = Debug|Any CPU
		{0F2F7B63-F6D1-4E87-A210-5DC86183E66E}.Release|Any CPU.ActiveCfg = Release|Any CPU
		{0F2F7B63-F6D1-4E87-A210-5DC86183E66E}.Release|Any CPU.Build.0 = Release|Any CPU
		{22DF8E39-0CB2-4A17-823D-FA4F9E34EE9F}.Debug|Any CPU.ActiveCfg = Debug|Any CPU
		{22DF8E39-0CB2-4A17-823D-FA4F9E34EE9F}.Debug|Any CPU.Build.0 = Debug|Any CPU
		{22DF8E39-0CB2-4A17-823D-FA4F9E34EE9F}.Release|Any CPU.ActiveCfg = Release|Any CPU
		{22DF8E39-0CB2-4A17-823D-FA4F9E34EE9F}.Release|Any CPU.Build.0 = Release|Any CPU
		{DF6AFF86-FFF2-4179-917A-2FAFE10B1A88}.Debug|Any CPU.ActiveCfg = Debug|Any CPU
		{DF6AFF86-FFF2-4179-917A-2FAFE10B1A88}.Debug|Any CPU.Build.0 = Debug|Any CPU
		{DF6AFF86-FFF2-4179-917A-2FAFE10B1A88}.Release|Any CPU.ActiveCfg = Release|Any CPU
		{DF6AFF86-FFF2-4179-917A-2FAFE10B1A88}.Release|Any CPU.Build.0 = Release|Any CPU
		{E9879DF8-A3EC-4843-BC01-21C77A13D2D7}.Debug|Any CPU.ActiveCfg = Debug|Any CPU
		{E9879DF8-A3EC-4843-BC01-21C77A13D2D7}.Debug|Any CPU.Build.0 = Debug|Any CPU
		{E9879DF8-A3EC-4843-BC01-21C77A13D2D7}.Release|Any CPU.ActiveCfg = Release|Any CPU
		{E9879DF8-A3EC-4843-BC01-21C77A13D2D7}.Release|Any CPU.Build.0 = Release|Any CPU
		{3B5FBC03-4098-4146-A3D2-58F4B31390CC}.Debug|Any CPU.ActiveCfg = Debug|Any CPU
		{3B5FBC03-4098-4146-A3D2-58F4B31390CC}.Debug|Any CPU.Build.0 = Debug|Any CPU
		{3B5FBC03-4098-4146-A3D2-58F4B31390CC}.Release|Any CPU.ActiveCfg = Release|Any CPU
		{3B5FBC03-4098-4146-A3D2-58F4B31390CC}.Release|Any CPU.Build.0 = Release|Any CPU
		{151935AD-3AB8-48CB-BBAD-6AF6309B36DE}.Debug|Any CPU.ActiveCfg = Debug|Any CPU
		{151935AD-3AB8-48CB-BBAD-6AF6309B36DE}.Debug|Any CPU.Build.0 = Debug|Any CPU
		{151935AD-3AB8-48CB-BBAD-6AF6309B36DE}.Release|Any CPU.ActiveCfg = Release|Any CPU
		{151935AD-3AB8-48CB-BBAD-6AF6309B36DE}.Release|Any CPU.Build.0 = Release|Any CPU
		{3C206372-06A4-4C8B-8BE3-F9A8C1EB5F0B}.Debug|Any CPU.ActiveCfg = Debug|Any CPU
		{3C206372-06A4-4C8B-8BE3-F9A8C1EB5F0B}.Debug|Any CPU.Build.0 = Debug|Any CPU
		{3C206372-06A4-4C8B-8BE3-F9A8C1EB5F0B}.Release|Any CPU.ActiveCfg = Release|Any CPU
		{3C206372-06A4-4C8B-8BE3-F9A8C1EB5F0B}.Release|Any CPU.Build.0 = Release|Any CPU
		{CA5F8A6B-4388-41EA-91FB-45C9A7A53E17}.Debug|Any CPU.ActiveCfg = Debug|Any CPU
		{CA5F8A6B-4388-41EA-91FB-45C9A7A53E17}.Debug|Any CPU.Build.0 = Debug|Any CPU
		{CA5F8A6B-4388-41EA-91FB-45C9A7A53E17}.Release|Any CPU.ActiveCfg = Release|Any CPU
		{CA5F8A6B-4388-41EA-91FB-45C9A7A53E17}.Release|Any CPU.Build.0 = Release|Any CPU
		{C2B3F054-B9F8-4EE8-847C-A290E7588F12}.Debug|Any CPU.ActiveCfg = Debug|Any CPU
		{C2B3F054-B9F8-4EE8-847C-A290E7588F12}.Debug|Any CPU.Build.0 = Debug|Any CPU
		{C2B3F054-B9F8-4EE8-847C-A290E7588F12}.Release|Any CPU.ActiveCfg = Release|Any CPU
		{C2B3F054-B9F8-4EE8-847C-A290E7588F12}.Release|Any CPU.Build.0 = Release|Any CPU
		{11BCFCEF-2E6A-48DF-A6BD-37CC80E25EDB}.Debug|Any CPU.ActiveCfg = Debug|Any CPU
		{11BCFCEF-2E6A-48DF-A6BD-37CC80E25EDB}.Debug|Any CPU.Build.0 = Debug|Any CPU
		{11BCFCEF-2E6A-48DF-A6BD-37CC80E25EDB}.Release|Any CPU.ActiveCfg = Release|Any CPU
		{11BCFCEF-2E6A-48DF-A6BD-37CC80E25EDB}.Release|Any CPU.Build.0 = Release|Any CPU
		{E53BF0A3-8A77-45A9-8CFF-606F20B46789}.Debug|Any CPU.ActiveCfg = Debug|Any CPU
		{E53BF0A3-8A77-45A9-8CFF-606F20B46789}.Debug|Any CPU.Build.0 = Debug|Any CPU
		{E53BF0A3-8A77-45A9-8CFF-606F20B46789}.Release|Any CPU.ActiveCfg = Release|Any CPU
		{E53BF0A3-8A77-45A9-8CFF-606F20B46789}.Release|Any CPU.Build.0 = Release|Any CPU
	EndGlobalSection
	GlobalSection(NestedProjects) = preSolution
		{25C320AC-E149-44F9-81F3-5275C7D8D334} = {DFA1FACC-AC5C-4B25-A0E4-718957C70BC3}
		{4FB3BADC-1EDD-482C-8D60-AD46D676A12F} = {D5E41A46-D753-4214-AF70-1839E56B4A14}
		{1D8F2C94-1796-48A0-B9D7-172E645607F5} = {DFA1FACC-AC5C-4B25-A0E4-718957C70BC3}
	EndGlobalSection
EndGlobal
