
Microsoft Visual Studio Solution File, Format Version 12.00
# Visual Studio Version 17
VisualStudioVersion = 17.0.31903.59
MinimumVisualStudioVersion = 10.0.40219.1
Project("{FAE04EC0-301F-11D3-BF4B-00C04F79EFBC}") = "Letterbook.Api", "Letterbook.Api\Letterbook.Api.csproj", "{2153952C-93B2-459A-9881-7AA82B394A80}"
EndProject
Project("{FAE04EC0-301F-11D3-BF4B-00C04F79EFBC}") = "Letterbook.Api.Tests", "Letterbook.Api.Tests\Letterbook.Api.Tests.csproj", "{26191462-CED5-4AF4-A5BD-94E31768F376}"
EndProject
Project("{FAE04EC0-301F-11D3-BF4B-00C04F79EFBC}") = "Letterbook.Core", "Letterbook.Core\Letterbook.Core.csproj", "{B0D57366-86E4-4F5E-9E2B-E116159E0059}"
EndProject
Project("{FAE04EC0-301F-11D3-BF4B-00C04F79EFBC}") = "Letterbook.Core.Tests", "Letterbook.Core.Tests\Letterbook.Core.Tests.csproj", "{DC2FBB40-F1F0-4297-B6B2-03E55B86BC77}"
EndProject
Project("{FAE04EC0-301F-11D3-BF4B-00C04F79EFBC}") = "Letterbook.Adapter.Db", "Letterbook.Adapter.Db\Letterbook.Adapter.Db.csproj", "{0F2F7B63-F6D1-4E87-A210-5DC86183E66E}"
EndProject
Project("{2150E333-8FDC-42A3-9474-1A3956D46DE8}") = "Development", "Development", "{DFA1FACC-AC5C-4B25-A0E4-718957C70BC3}"
	ProjectSection(SolutionItems) = preProject
		docker-compose.yml = docker-compose.yml
		.gitignore = .gitignore
		readme.md = readme.md
		CODE_OF_CONDUCT.md = CODE_OF_CONDUCT.md
		CONTRIBUTING.md = CONTRIBUTING.md
	EndProjectSection
EndProject
Project("{2150E333-8FDC-42A3-9474-1A3956D46DE8}") = "Docs", "Docs", "{D5E41A46-D753-4214-AF70-1839E56B4A14}"
	ProjectSection(SolutionItems) = preProject
		docs\decisions\hexagonal-architecture.png = docs\decisions\hexagonal-architecture.png
		docs\timeline.md = docs\timeline.md
		docs\IntegrationTests.Readme.md = docs\IntegrationTests.Readme.md
	EndProjectSection
EndProject
Project("{2150E333-8FDC-42A3-9474-1A3956D46DE8}") = "github", "github", "{25C320AC-E149-44F9-81F3-5275C7D8D334}"
	ProjectSection(SolutionItems) = preProject
		.github\workflows\pull-request.yml = .github\workflows\pull-request.yml
	EndProjectSection
EndProject
Project("{2150E333-8FDC-42A3-9474-1A3956D46DE8}") = "Decisions", "Decisions", "{4FB3BADC-1EDD-482C-8D60-AD46D676A12F}"
	ProjectSection(SolutionItems) = preProject
		docs\decisions\00-template.md = docs\decisions\00-template.md
		docs\decisions\01-system-design-guidance.md = docs\decisions\01-system-design-guidance.md
		docs\decisions\02-architecture-design-patterns.md = docs\decisions\02-architecture-design-patterns.md
		docs\decisions\hexagonal-architecture.png = docs\decisions\hexagonal-architecture.png
	EndProjectSection
EndProject
Project("{FAE04EC0-301F-11D3-BF4B-00C04F79EFBC}") = "Letterbook.Adapter.RxMessageBus", "Letterbook.Adapter.RxMessageBus\Letterbook.Adapter.RxMessageBus.csproj", "{FD68DA55-DCCF-4F8B-AFBB-C1383E9C58A0}"
EndProject
Project("{FAE04EC0-301F-11D3-BF4B-00C04F79EFBC}") = "Letterbook.Adapter.TimescaleFeeds", "Letterbook.Adapter.TimescaleFeeds\Letterbook.Adapter.TimescaleFeeds.csproj", "{DF6AFF86-FFF2-4179-917A-2FAFE10B1A88}"
EndProject
Project("{FAE04EC0-301F-11D3-BF4B-00C04F79EFBC}") = "Letterbook.Adapter.TimescaleFeeds.Tests", "Letterbook.Adapter.TimescaleFeeds.Tests\Letterbook.Adapter.TimescaleFeeds.Tests.csproj", "{E9879DF8-A3EC-4843-BC01-21C77A13D2D7}"
EndProject
Global
	GlobalSection(SolutionConfigurationPlatforms) = preSolution
		Debug|Any CPU = Debug|Any CPU
		Release|Any CPU = Release|Any CPU
	EndGlobalSection
	GlobalSection(SolutionProperties) = preSolution
		HideSolutionNode = FALSE
	EndGlobalSection
	GlobalSection(ProjectConfigurationPlatforms) = postSolution
		{2153952C-93B2-459A-9881-7AA82B394A80}.Debug|Any CPU.ActiveCfg = Debug|Any CPU
		{2153952C-93B2-459A-9881-7AA82B394A80}.Debug|Any CPU.Build.0 = Debug|Any CPU
		{2153952C-93B2-459A-9881-7AA82B394A80}.Release|Any CPU.ActiveCfg = Release|Any CPU
		{2153952C-93B2-459A-9881-7AA82B394A80}.Release|Any CPU.Build.0 = Release|Any CPU
		{26191462-CED5-4AF4-A5BD-94E31768F376}.Debug|Any CPU.ActiveCfg = Debug|Any CPU
		{26191462-CED5-4AF4-A5BD-94E31768F376}.Debug|Any CPU.Build.0 = Debug|Any CPU
		{26191462-CED5-4AF4-A5BD-94E31768F376}.Release|Any CPU.ActiveCfg = Release|Any CPU
		{26191462-CED5-4AF4-A5BD-94E31768F376}.Release|Any CPU.Build.0 = Release|Any CPU
		{B0D57366-86E4-4F5E-9E2B-E116159E0059}.Debug|Any CPU.ActiveCfg = Debug|Any CPU
		{B0D57366-86E4-4F5E-9E2B-E116159E0059}.Debug|Any CPU.Build.0 = Debug|Any CPU
		{B0D57366-86E4-4F5E-9E2B-E116159E0059}.Release|Any CPU.ActiveCfg = Release|Any CPU
		{B0D57366-86E4-4F5E-9E2B-E116159E0059}.Release|Any CPU.Build.0 = Release|Any CPU
		{DC2FBB40-F1F0-4297-B6B2-03E55B86BC77}.Debug|Any CPU.ActiveCfg = Debug|Any CPU
		{DC2FBB40-F1F0-4297-B6B2-03E55B86BC77}.Debug|Any CPU.Build.0 = Debug|Any CPU
		{DC2FBB40-F1F0-4297-B6B2-03E55B86BC77}.Release|Any CPU.ActiveCfg = Release|Any CPU
		{DC2FBB40-F1F0-4297-B6B2-03E55B86BC77}.Release|Any CPU.Build.0 = Release|Any CPU
		{0F2F7B63-F6D1-4E87-A210-5DC86183E66E}.Debug|Any CPU.ActiveCfg = Debug|Any CPU
		{0F2F7B63-F6D1-4E87-A210-5DC86183E66E}.Debug|Any CPU.Build.0 = Debug|Any CPU
		{0F2F7B63-F6D1-4E87-A210-5DC86183E66E}.Release|Any CPU.ActiveCfg = Release|Any CPU
		{0F2F7B63-F6D1-4E87-A210-5DC86183E66E}.Release|Any CPU.Build.0 = Release|Any CPU
		{22DF8E39-0CB2-4A17-823D-FA4F9E34EE9F}.Debug|Any CPU.ActiveCfg = Debug|Any CPU
		{22DF8E39-0CB2-4A17-823D-FA4F9E34EE9F}.Debug|Any CPU.Build.0 = Debug|Any CPU
		{22DF8E39-0CB2-4A17-823D-FA4F9E34EE9F}.Release|Any CPU.ActiveCfg = Release|Any CPU
		{22DF8E39-0CB2-4A17-823D-FA4F9E34EE9F}.Release|Any CPU.Build.0 = Release|Any CPU
		{FD68DA55-DCCF-4F8B-AFBB-C1383E9C58A0}.Debug|Any CPU.ActiveCfg = Debug|Any CPU
		{FD68DA55-DCCF-4F8B-AFBB-C1383E9C58A0}.Debug|Any CPU.Build.0 = Debug|Any CPU
		{FD68DA55-DCCF-4F8B-AFBB-C1383E9C58A0}.Release|Any CPU.ActiveCfg = Release|Any CPU
		{FD68DA55-DCCF-4F8B-AFBB-C1383E9C58A0}.Release|Any CPU.Build.0 = Release|Any CPU
		{DF6AFF86-FFF2-4179-917A-2FAFE10B1A88}.Debug|Any CPU.ActiveCfg = Debug|Any CPU
		{DF6AFF86-FFF2-4179-917A-2FAFE10B1A88}.Debug|Any CPU.Build.0 = Debug|Any CPU
		{DF6AFF86-FFF2-4179-917A-2FAFE10B1A88}.Release|Any CPU.ActiveCfg = Release|Any CPU
		{DF6AFF86-FFF2-4179-917A-2FAFE10B1A88}.Release|Any CPU.Build.0 = Release|Any CPU
		{E9879DF8-A3EC-4843-BC01-21C77A13D2D7}.Debug|Any CPU.ActiveCfg = Debug|Any CPU
		{E9879DF8-A3EC-4843-BC01-21C77A13D2D7}.Debug|Any CPU.Build.0 = Debug|Any CPU
		{E9879DF8-A3EC-4843-BC01-21C77A13D2D7}.Release|Any CPU.ActiveCfg = Release|Any CPU
		{E9879DF8-A3EC-4843-BC01-21C77A13D2D7}.Release|Any CPU.Build.0 = Release|Any CPU
	EndGlobalSection
	GlobalSection(NestedProjects) = preSolution
		{25C320AC-E149-44F9-81F3-5275C7D8D334} = {DFA1FACC-AC5C-4B25-A0E4-718957C70BC3}
		{4FB3BADC-1EDD-482C-8D60-AD46D676A12F} = {D5E41A46-D753-4214-AF70-1839E56B4A14}
	EndGlobalSection
EndGlobal
