{
  "version": 2,
  "dependencies": {
    "net8.0": {
      "ActivityPub.Types": {
        "type": "Direct",
        "requested": "[0.1.0-snapshot.2024-01-08.18-02-38, )",
        "resolved": "0.1.0-snapshot.2024-01-08.18-02-38",
        "contentHash": "FldOGbOul3P4A64P3fnRi0JAqaIGKJzvzSehWeqWt5noIKryug4FAzJaSuoNp42rYL1QPYkOmc1TF9gb1JaDpA==",
        "dependencies": {
          "JetBrains.Annotations": "2023.3.0",
          "Microsoft.Extensions.DependencyInjection.Abstractions": "8.0.0",
          "Microsoft.Extensions.Options": "8.0.0",
          "System.Text.Json": "8.0.0"
        }
      },
      "AutoMapper": {
        "type": "Direct",
        "requested": "[13.0.1, )",
        "resolved": "13.0.1",
        "contentHash": "/Fx1SbJ16qS7dU4i604Sle+U9VLX+WSNVJggk6MupKVkYvvBm4XqYaeFuf67diHefHKHs50uQIS2YEDFhPCakQ==",
        "dependencies": {
          "Microsoft.Extensions.Options": "6.0.0"
        }
      },
      "AutoMapper.Collection": {
        "type": "Direct",
        "requested": "[10.0.0, )",
        "resolved": "10.0.0",
        "contentHash": "fq7yI+16EExRpjIb8s7SDTqG8ZV+xaAn/u4FWVmK1Z69MXk+04mjcFfXGrui5Wk6674VAyc9RhRf4T3VJdIIng==",
        "dependencies": {
          "AutoMapper": "[13.0.0, 14.0.0)"
        }
      },
      "BouncyCastle.Cryptography": {
        "type": "Direct",
        "requested": "[2.4.0, )",
        "resolved": "2.4.0",
        "contentHash": "SwXsAV3sMvAU/Nn31pbjhWurYSjJ+/giI/0n6tCrYoupEK34iIHCuk3STAd9fx8yudM85KkLSVdn951vTng/vQ=="
      },
      "GitHubActionsTestLogger": {
        "type": "Direct",
        "requested": "[2.4.1, )",
        "resolved": "2.4.1",
        "contentHash": "SH1ar/kg36CggzMqLUDRoUqR8SSjK/JiQ2JS8MYg8u0RCLDkkDEbPGIN91omOPx9f2GuDqsxxofSdgsQje3Xuw==",
        "dependencies": {
          "Microsoft.TestPlatform.ObjectModel": "17.10.0"
        }
      },
      "NSign.Abstractions": {
        "type": "Direct",
        "requested": "[1.0.2, )",
        "resolved": "1.0.2",
        "contentHash": "QSH69U4VU2wVetc4JReyJpaTdyAk5GHs+kIAmaYMPJb9gVcLqr0B6YDuBNpC/9c1ku9LjBNZtW0kHxnPWo77UQ==",
        "dependencies": {
          "Microsoft.Extensions.Logging.Abstractions": "8.0.1",
          "Microsoft.Extensions.Options": "8.0.2",
          "Microsoft.Extensions.Options.DataAnnotations": "8.0.0",
          "StructuredFieldValues": "0.5.3",
          "System.Collections.Immutable": "8.0.0"
        }
      },
      "NSign.Client": {
        "type": "Direct",
        "requested": "[1.0.2, )",
        "resolved": "1.0.2",
        "contentHash": "J2OduC6KBodrHWgN+StFNZFSGZy/l3iha54T1wL/RvX07K37GowD18FY81QyzB28Shr350ttQo3PtNYUOaQRJg==",
        "dependencies": {
          "Microsoft.Extensions.Http": "8.0.0",
          "Microsoft.Extensions.Logging.Abstractions": "8.0.1",
          "Microsoft.Extensions.Options": "8.0.2",
          "NSign.Abstractions": "1.0.2",
          "StructuredFieldValues": "0.5.3",
          "System.Collections.Immutable": "8.0.0",
          "System.IO.Pipelines": "8.0.0"
        }
      },
      "NSign.SignatureProviders": {
        "type": "Direct",
        "requested": "[1.0.2, )",
        "resolved": "1.0.2",
        "contentHash": "eXj14uTCWawgG564KLz1Dm+Dec1Yf5xDEG9eW4h5KAwnBGufyVNO35LZlQMcC0KrwvaAS5DpGU7dh17encdMdA==",
        "dependencies": {
          "NSign.Abstractions": "1.0.2"
        }
      },
      "Google.Protobuf": {
        "type": "Transitive",
        "resolved": "3.22.5",
        "contentHash": "tTMtDZPbLxJew8pk7NBdqhLqC4OipfkZdwPuCEUNr2AoDo1siUGcxFqJK0wDewTL8ge5Cjrb16CToMPxBUHMGA=="
      },
      "Grpc.Core.Api": {
        "type": "Transitive",
        "resolved": "2.52.0",
        "contentHash": "SQiPyBczG4vKPmI6Fd+O58GcxxDSFr6nfRAJuBDUNj+PgdokhjWJvZE/La1c09AkL2FVm/jrDloG89nkzmVF7A==",
        "dependencies": {
          "System.Memory": "4.5.3"
        }
      },
      "Grpc.Net.Client": {
        "type": "Transitive",
        "resolved": "2.52.0",
        "contentHash": "hWVH9g/Nnjz40ni//2S8UIOyEmhueQREoZIkD0zKHEPqLxXcNlbp4eebXIOicZtkwDSx0TFz9NpkbecEDn6rBw==",
        "dependencies": {
          "Grpc.Net.Common": "2.52.0",
          "Microsoft.Extensions.Logging.Abstractions": "3.0.3"
        }
      },
      "Grpc.Net.Common": {
        "type": "Transitive",
        "resolved": "2.52.0",
        "contentHash": "di9qzpdx525IxumZdYmu6sG2y/gXJyYeZ1ruFUzB9BJ1nj4kU1/dTAioNCMt1VLRvNVDqh8S8B1oBdKhHJ4xRg==",
        "dependencies": {
          "Grpc.Core.Api": "2.52.0"
        }
      },
      "JetBrains.Annotations": {
        "type": "Transitive",
        "resolved": "2023.3.0",
        "contentHash": "PHfnvdBUdGaTVG9bR/GEfxgTwWM0Z97Y6X3710wiljELBISipSfF5okn/vz+C2gfO+ihoEyVPjaJwn8ZalVukA=="
      },
      "Microsoft.AspNetCore.Cryptography.Internal": {
        "type": "Transitive",
        "resolved": "8.0.6",
        "contentHash": "bkMu3+COnAodJPoSzzEV7twEE7hP8CF1AZrb9GVmkudE5K3UFyE6BtGeSaUrPngPtnmyDux3Z8pw5Knb/Xm5yA=="
      },
      "Microsoft.AspNetCore.Cryptography.KeyDerivation": {
        "type": "Transitive",
        "resolved": "8.0.6",
        "contentHash": "QQrh7y2lxpLXQmauGcEo4HfOgfyJTysFPwPY8clFd+I559j89HMYFnpAgUBWs8AmN3IYEtsMhMYTij99IWUQIQ==",
        "dependencies": {
          "Microsoft.AspNetCore.Cryptography.Internal": "8.0.6"
        }
      },
      "Microsoft.CodeAnalysis.Analyzers": {
        "type": "Transitive",
        "resolved": "3.3.4",
        "contentHash": "AxkxcPR+rheX0SmvpLVIGLhOUXAKG56a64kV9VQZ4y9gR9ZmPXnqZvHJnmwLSwzrEP6junUF11vuc+aqo5r68g=="
      },
      "Microsoft.CodeAnalysis.Common": {
        "type": "Transitive",
        "resolved": "4.8.0",
        "contentHash": "/jR+e/9aT+BApoQJABlVCKnnggGQbvGh7BKq2/wI1LamxC+LbzhcLj4Vj7gXCofl1n4E521YfF9w0WcASGg/KA==",
        "dependencies": {
          "Microsoft.CodeAnalysis.Analyzers": "3.3.4",
          "System.Collections.Immutable": "7.0.0",
          "System.Reflection.Metadata": "7.0.0",
          "System.Runtime.CompilerServices.Unsafe": "6.0.0"
        }
      },
      "Microsoft.EntityFrameworkCore.Abstractions": {
        "type": "Transitive",
        "resolved": "8.0.6",
        "contentHash": "X7wSSBNFRuN8j8M9HDYG7rPpEeyhY+PdJZR9rftmgvsZH0eK5+bZ3b3As8iO4rLEpjsBzDnrgSIY6q2F3HQatw=="
      },
      "Microsoft.EntityFrameworkCore.Analyzers": {
        "type": "Transitive",
        "resolved": "8.0.6",
        "contentHash": "fDNtuQ4lAaPaCOlsrwUck/GvnF4QLeDpMmE1L5QtxZpMSmWfnL2/vk8sDL9OVTWcfprooI9V5MNpIx3/Tq5ehg=="
      },
      "Microsoft.Extensions.Caching.Abstractions": {
        "type": "Transitive",
        "resolved": "8.0.0",
        "contentHash": "3KuSxeHoNYdxVYfg2IRZCThcrlJ1XJqIXkAWikCsbm5C/bCjv7G0WoKDyuR98Q+T607QT2Zl5GsbGRkENcV2yQ==",
        "dependencies": {
          "Microsoft.Extensions.Primitives": "8.0.0"
        }
      },
      "Microsoft.Extensions.Caching.Memory": {
        "type": "Transitive",
        "resolved": "8.0.0",
        "contentHash": "7pqivmrZDzo1ADPkRwjy+8jtRKWRCPag9qPI+p7sgu7Q4QreWhcvbiWXsbhP+yY8XSiDvZpu2/LWdBv7PnmOpQ==",
        "dependencies": {
          "Microsoft.Extensions.Caching.Abstractions": "8.0.0",
          "Microsoft.Extensions.DependencyInjection.Abstractions": "8.0.0",
          "Microsoft.Extensions.Logging.Abstractions": "8.0.0",
          "Microsoft.Extensions.Options": "8.0.0",
          "Microsoft.Extensions.Primitives": "8.0.0"
        }
      },
      "Microsoft.Extensions.Configuration": {
        "type": "Transitive",
        "resolved": "8.0.0",
        "contentHash": "0J/9YNXTMWSZP2p2+nvl8p71zpSwokZXZuJW+VjdErkegAnFdO1XlqtA62SJtgVYHdKu3uPxJHcMR/r35HwFBA==",
        "dependencies": {
          "Microsoft.Extensions.Configuration.Abstractions": "8.0.0",
          "Microsoft.Extensions.Primitives": "8.0.0"
        }
      },
      "Microsoft.Extensions.Configuration.Abstractions": {
        "type": "Transitive",
        "resolved": "8.0.0",
        "contentHash": "3lE/iLSutpgX1CC0NOW70FJoGARRHbyKmG7dc0klnUZ9Dd9hS6N/POPWhKhMLCEuNN5nXEY5agmlFtH562vqhQ==",
        "dependencies": {
          "Microsoft.Extensions.Primitives": "8.0.0"
        }
      },
      "Microsoft.Extensions.Configuration.Binder": {
        "type": "Transitive",
        "resolved": "8.0.1",
        "contentHash": "2UKFJnLiBt7Od6nCnTqP9rTIUNhzmn9Hv1l2FchyKbz8xieB9ULwZTbQZMw+M24Qw3F5dzzH1U9PPleN0LNLOQ==",
        "dependencies": {
          "Microsoft.Extensions.Configuration.Abstractions": "8.0.0"
        }
      },
      "Microsoft.Extensions.DependencyInjection": {
        "type": "Transitive",
        "resolved": "8.0.0",
        "contentHash": "V8S3bsm50ig6JSyrbcJJ8bW2b9QLGouz+G1miK3UTaOWmMtFwNNNzUf4AleyDWUmTrWMLNnFSLEQtxmxgNQnNQ==",
        "dependencies": {
          "Microsoft.Extensions.DependencyInjection.Abstractions": "8.0.0"
        }
      },
      "Microsoft.Extensions.Diagnostics": {
        "type": "Transitive",
        "resolved": "8.0.0",
        "contentHash": "3PZp/YSkIXrF7QK7PfC1bkyRYwqOHpWFad8Qx+4wkuumAeXo1NHaxpS9LboNA9OvNSAu+QOVlXbMyoY+pHSqcw==",
        "dependencies": {
          "Microsoft.Extensions.Configuration": "8.0.0",
          "Microsoft.Extensions.Diagnostics.Abstractions": "8.0.0",
          "Microsoft.Extensions.Options.ConfigurationExtensions": "8.0.0"
        }
      },
      "Microsoft.Extensions.Diagnostics.Abstractions": {
        "type": "Transitive",
        "resolved": "8.0.0",
        "contentHash": "JHYCQG7HmugNYUhOl368g+NMxYE/N/AiclCYRNlgCY9eVyiBkOHMwK4x60RYMxv9EL3+rmj1mqHvdCiPpC+D4Q==",
        "dependencies": {
          "Microsoft.Extensions.DependencyInjection.Abstractions": "8.0.0",
          "Microsoft.Extensions.Options": "8.0.0",
          "System.Diagnostics.DiagnosticSource": "8.0.0"
        }
      },
      "Microsoft.Extensions.FileProviders.Abstractions": {
        "type": "Transitive",
        "resolved": "8.0.0",
        "contentHash": "ZbaMlhJlpisjuWbvXr4LdAst/1XxH3vZ6A0BsgTphZ2L4PGuxRLz7Jr/S7mkAAnOn78Vu0fKhEgNF5JO3zfjqQ==",
        "dependencies": {
          "Microsoft.Extensions.Primitives": "8.0.0"
        }
      },
      "Microsoft.Extensions.FileProviders.Embedded": {
        "type": "Transitive",
        "resolved": "8.0.6",
        "contentHash": "hQlf5+YxiUbKdpaPBf/zdMGItnWF8ai9ToPjeZ6gnxT10V4RGDKvChl5MSdc838+2SRHLAC0cdJwG0+L7dqR0g==",
        "dependencies": {
          "Microsoft.Extensions.FileProviders.Abstractions": "8.0.0"
        }
      },
      "Microsoft.Extensions.Hosting.Abstractions": {
        "type": "Transitive",
        "resolved": "8.0.0",
        "contentHash": "AG7HWwVRdCHlaA++1oKDxLsXIBxmDpMPb3VoyOoAghEWnkUvEAdYQUwnV4jJbAaa/nMYNiEh5ByoLauZBEiovg==",
        "dependencies": {
          "Microsoft.Extensions.Configuration.Abstractions": "8.0.0",
          "Microsoft.Extensions.DependencyInjection.Abstractions": "8.0.0",
          "Microsoft.Extensions.Diagnostics.Abstractions": "8.0.0",
          "Microsoft.Extensions.FileProviders.Abstractions": "8.0.0",
          "Microsoft.Extensions.Logging.Abstractions": "8.0.0"
        }
      },
      "Microsoft.Extensions.Http": {
        "type": "Transitive",
        "resolved": "8.0.0",
        "contentHash": "cWz4caHwvx0emoYe7NkHPxII/KkTI8R/LC9qdqJqnKv2poTJ4e2qqPGQqvRoQ5kaSA4FU5IV3qFAuLuOhoqULQ==",
        "dependencies": {
          "Microsoft.Extensions.Configuration.Abstractions": "8.0.0",
          "Microsoft.Extensions.DependencyInjection.Abstractions": "8.0.0",
          "Microsoft.Extensions.Diagnostics": "8.0.0",
          "Microsoft.Extensions.Logging": "8.0.0",
          "Microsoft.Extensions.Logging.Abstractions": "8.0.0",
          "Microsoft.Extensions.Options": "8.0.0"
        }
      },
      "Microsoft.Extensions.Logging.Abstractions": {
        "type": "Transitive",
        "resolved": "8.0.1",
        "contentHash": "RIFgaqoaINxkM2KTOw72dmilDmTrYA0ns2KW4lDz4gZ2+o6IQ894CzmdL3StM2oh7QQq44nCWiqKqc4qUI9Jmg==",
        "dependencies": {
          "Microsoft.Extensions.DependencyInjection.Abstractions": "8.0.1"
        }
      },
      "Microsoft.Extensions.Logging.Configuration": {
        "type": "Transitive",
        "resolved": "8.0.0",
        "contentHash": "ixXXV0G/12g6MXK65TLngYN9V5hQQRuV+fZi882WIoVJT7h5JvoYoxTEwCgdqwLjSneqh1O+66gM8sMr9z/rsQ==",
        "dependencies": {
          "Microsoft.Extensions.Configuration": "8.0.0",
          "Microsoft.Extensions.Configuration.Abstractions": "8.0.0",
          "Microsoft.Extensions.Configuration.Binder": "8.0.0",
          "Microsoft.Extensions.DependencyInjection.Abstractions": "8.0.0",
          "Microsoft.Extensions.Logging": "8.0.0",
          "Microsoft.Extensions.Logging.Abstractions": "8.0.0",
          "Microsoft.Extensions.Options": "8.0.0",
          "Microsoft.Extensions.Options.ConfigurationExtensions": "8.0.0"
        }
      },
      "Microsoft.Extensions.Options": {
        "type": "Transitive",
        "resolved": "8.0.2",
        "contentHash": "dWGKvhFybsaZpGmzkGCbNNwBD1rVlWzrZKANLW/CcbFJpCEceMCGzT7zZwHOGBCbwM0SzBuceMj5HN1LKV1QqA==",
        "dependencies": {
          "Microsoft.Extensions.DependencyInjection.Abstractions": "8.0.0",
          "Microsoft.Extensions.Primitives": "8.0.0"
        }
      },
      "Microsoft.Extensions.Options.ConfigurationExtensions": {
        "type": "Transitive",
        "resolved": "8.0.0",
        "contentHash": "0f4DMRqEd50zQh+UyJc+/HiBsZ3vhAQALgdkcQEalSH1L2isdC7Yj54M3cyo5e+BeO5fcBQ7Dxly8XiBBcvRgw==",
        "dependencies": {
          "Microsoft.Extensions.Configuration.Abstractions": "8.0.0",
          "Microsoft.Extensions.Configuration.Binder": "8.0.0",
          "Microsoft.Extensions.DependencyInjection.Abstractions": "8.0.0",
          "Microsoft.Extensions.Options": "8.0.0",
          "Microsoft.Extensions.Primitives": "8.0.0"
        }
      },
      "Microsoft.Extensions.Options.DataAnnotations": {
        "type": "Transitive",
        "resolved": "8.0.0",
        "contentHash": "z6p6q/N/hiU19A9tK7pjhXHpiYArO4oIICipxUviBEIOiDIoKRO7k6qItvw7alKcLtfHZOWmspuSKpvIvH0N8w==",
        "dependencies": {
          "Microsoft.Extensions.DependencyInjection.Abstractions": "8.0.0",
          "Microsoft.Extensions.Options": "8.0.0"
        }
      },
      "Microsoft.Extensions.Primitives": {
        "type": "Transitive",
        "resolved": "8.0.0",
        "contentHash": "bXJEZrW9ny8vjMF1JV253WeLhpEVzFo1lyaZu1vQ4ZxWUlVvknZ/+ftFgVheLubb4eZPSwwxBeqS1JkCOjxd8g=="
      },
      "Microsoft.IdentityModel.Abstractions": {
        "type": "Transitive",
        "resolved": "7.6.0",
        "contentHash": "q4MZ8d0LlWKWtQfxNl9ZRZVOQ7IPEAR6CF4rFKITfuqEUOhqrbwHbqBanReI37155IKb8V/tPJqpPa3KXm9wQQ=="
      },
      "Microsoft.IdentityModel.Logging": {
        "type": "Transitive",
        "resolved": "7.6.0",
        "contentHash": "7AVJhNY4y/i96XGfaXovX8aAyYWz6HHtPEPHPpbg5JCchwVaoO08VmmpHe0L2gVagW/iHG0w4a4Xg9gxLXQ/8A==",
        "dependencies": {
          "Microsoft.IdentityModel.Abstractions": "7.6.0"
        }
      },
      "Microsoft.IdentityModel.Tokens": {
        "type": "Transitive",
        "resolved": "7.6.0",
        "contentHash": "xvEil42RUe4Si/TuLDvglNXpklgCWMSecPduczXPS2BAypjheUehPqKLwIy8vSdzB4K2zza3yLgmODBt+J6ZxQ==",
        "dependencies": {
          "Microsoft.IdentityModel.Logging": "7.6.0"
        }
      },
      "Microsoft.TestPlatform.ObjectModel": {
        "type": "Transitive",
        "resolved": "17.10.0",
        "contentHash": "KkwhjQevuDj0aBRoPLY6OLAhGqbPUEBuKLbaCs0kUVw29qiOYncdORd4mLVJbn9vGZ7/iFGQ/+AoJl0Tu5Umdg==",
        "dependencies": {
          "System.Reflection.Metadata": "1.6.0"
        }
      },
      "OpenTelemetry": {
        "type": "Transitive",
        "resolved": "1.8.1",
        "contentHash": "70pb4YyPJnoV3vZOxpusEzBqgY6NyLwyruhas5d3bUO10GnldRWGE8DF4UusbinxnTLOpSmNzsaOb5R1v+Mt0g==",
        "dependencies": {
          "Microsoft.Extensions.Diagnostics.Abstractions": "8.0.0",
          "Microsoft.Extensions.Logging.Configuration": "8.0.0",
          "OpenTelemetry.Api.ProviderBuilderExtensions": "1.8.1"
        }
      },
      "OpenTelemetry.Api": {
        "type": "Transitive",
        "resolved": "1.8.1",
        "contentHash": "QCwCJp/ndXzlTBiTJjcpkpi4tntv1qSRJMXv0YNKcptE/FRMufiIA7IWTegS7C1/r3YQQwGiwdHARcZcS41JMw==",
        "dependencies": {
          "System.Diagnostics.DiagnosticSource": "8.0.0"
        }
      },
      "OpenTelemetry.Api.ProviderBuilderExtensions": {
        "type": "Transitive",
        "resolved": "1.8.1",
        "contentHash": "/M1vkPg2i2UpnHMlV8kFS4ct9O2cg3C+KVgPI/6G/tp99AzwGIvZZv0NswnjKBqis/Lr9Lv2eeF1yvG1KpBP/w==",
        "dependencies": {
          "Microsoft.Extensions.DependencyInjection.Abstractions": "8.0.0",
          "OpenTelemetry.Api": "1.8.1"
        }
      },
      "StructuredFieldValues": {
        "type": "Transitive",
        "resolved": "0.5.3",
        "contentHash": "G0uqNU82bf3dloMYkzHyThT35D64SpDK8pe2/xO1TDU39R2t1PTNuzIv1HT7OgdVOWDyZ6kKxS5H0hVVcMhvPw==",
        "dependencies": {
          "System.Memory": "4.5.5"
        }
      },
      "System.Collections.Immutable": {
        "type": "Transitive",
        "resolved": "8.0.0",
        "contentHash": "AurL6Y5BA1WotzlEvVaIDpqzpIPvYnnldxru8oXJU2yFxFUy3+pNXjXd1ymO+RA0rq0+590Q8gaz2l3Sr7fmqg=="
      },
      "System.Diagnostics.DiagnosticSource": {
        "type": "Transitive",
        "resolved": "8.0.0",
        "contentHash": "c9xLpVz6PL9lp/djOWtk5KPDZq3cSYpmXoJQY524EOtuFl5z9ZtsotpsyrDW40U1DRnQSYvcPKEUV0X//u6gkQ=="
      },
      "System.IO.Pipelines": {
        "type": "Transitive",
        "resolved": "8.0.0",
        "contentHash": "FHNOatmUq0sqJOkTx+UF/9YK1f180cnW5FVqnQMvYUN0elp6wFzbtPSiqbo1/ru8ICp43JM1i7kKkk6GsNGHlA=="
      },
      "System.Memory": {
        "type": "Transitive",
        "resolved": "4.5.5",
        "contentHash": "XIWiDvKPXaTveaB7HVganDlOCRoj03l+jrwNvcge/t8vhGYKvqV+dMv6G4SAX2NoNmN0wZfVPTAlFwZcZvVOUw=="
      },
      "System.Reflection.Metadata": {
        "type": "Transitive",
        "resolved": "7.0.0",
        "contentHash": "MclTG61lsD9sYdpNz9xsKBzjsmsfCtcMZYXz/IUr2zlhaTaABonlr1ESeompTgM+Xk+IwtGYU7/voh3YWB/fWw==",
        "dependencies": {
          "System.Collections.Immutable": "7.0.0"
        }
      },
      "System.Runtime.CompilerServices.Unsafe": {
        "type": "Transitive",
        "resolved": "6.0.0",
        "contentHash": "/iUeP3tq1S0XdNNoMz5C9twLSrM/TH+qElHkXWaPvuNOt+99G75NrV0OS2EqHx5wMN7popYjpc8oTjC1y16DLg=="
      },
      "System.Text.Encodings.Web": {
        "type": "Transitive",
        "resolved": "8.0.0",
        "contentHash": "yev/k9GHAEGx2Rg3/tU6MQh4HGBXJs70y7j1LaM1i/ER9po+6nnQ6RRqTJn1E7Xu0fbIFK80Nh5EoODxrbxwBQ=="
      },
      "System.Text.Json": {
        "type": "Transitive",
        "resolved": "8.0.0",
        "contentHash": "OdrZO2WjkiEG6ajEFRABTRCi/wuXQPxeV6g8xvUJqdxMvvuCCEk86zPla8UiIQJz3durtUEbNyY/3lIhS0yZvQ==",
        "dependencies": {
          "System.Text.Encodings.Web": "8.0.0"
        }
      },
      "letterbook.core": {
        "type": "Project",
        "dependencies": {
          "ActivityPub.Types": "[0.1.0-snapshot.2024-01-08.18-02-38, )",
          "AutoMapper": "[13.0.1, )",
          "CloudNative.CloudEvents": "[2.7.1, )",
          "MassTransit.Abstractions": "[8.2.2, )",
          "Medo.Uuid7": "[1.9.1, )",
          "Microsoft.AspNetCore.Identity.UI": "[8.0.6, )",
          "Microsoft.CodeAnalysis.CSharp": "[4.8.0, )",
          "Microsoft.EntityFrameworkCore": "[8.0.6, )",
          "Microsoft.Extensions.Identity.Core": "[8.0.6, )",
          "Microsoft.Extensions.Identity.Stores": "[8.0.6, )",
          "Microsoft.Extensions.Logging": "[8.0.0, )",
          "Microsoft.IdentityModel.JsonWebTokens": "[7.6.0, )",
          "OpenTelemetry.Exporter.OpenTelemetryProtocol": "[1.8.1, )",
          "OpenTelemetry.Exporter.Prometheus.AspNetCore": "[1.6.0-rc.1, )",
          "OpenTelemetry.Extensions.Hosting": "[1.8.1, )",
          "OpenTelemetry.Instrumentation.Http": "[1.8.1, )"
        }
      },
      "CloudNative.CloudEvents": {
        "type": "CentralTransitive",
        "requested": "[2.7.1, )",
        "resolved": "2.7.1",
        "contentHash": "3Ks+uACmqqHjrZ51/3pfSagWULEsw+CmcOpThouPtclApCt5U1MfRmm0ktGbzKb6/9aYNnPkQF6FZ57NSfqoQQ==",
        "dependencies": {
          "System.Memory": "4.5.5"
        }
      },
      "MassTransit.Abstractions": {
        "type": "CentralTransitive",
        "requested": "[8.2.2, )",
        "resolved": "8.2.2",
        "contentHash": "kxrXaOMj+koCpkUKyjctv1+vKrk7t8dBU62duD4CoFA1pVdwwaTtiTXEoDfgR+gikT2aKDmP6DNvWOhxia5xOA=="
      },
      "Medo.Uuid7": {
        "type": "CentralTransitive",
        "requested": "[1.9.1, )",
        "resolved": "1.9.1",
        "contentHash": "5lpCykx3r+59XG9O8lUY0QfN/70VzqyQ2+GTK5G/fS4F+MpHsN8mZt0JmmwOvXxZ+n5vV2U4BZFdY4YEzsu1xA=="
      },
      "Microsoft.AspNetCore.Identity.UI": {
        "type": "CentralTransitive",
        "requested": "[8.0.6, )",
        "resolved": "8.0.6",
        "contentHash": "+8tMwa8kBm0HrU3ygFZYFD0W2VpwpJRB8rbyC7iLPdxDsnOPsAxcvjkP/J/P4Q+DJWXmbR/pc7kLGiaNs/3zLw==",
        "dependencies": {
          "Microsoft.Extensions.FileProviders.Embedded": "8.0.6",
          "Microsoft.Extensions.Identity.Stores": "8.0.6"
        }
      },
      "Microsoft.CodeAnalysis.CSharp": {
        "type": "CentralTransitive",
        "requested": "[4.8.0, )",
        "resolved": "4.8.0",
        "contentHash": "+3+qfdb/aaGD8PZRCrsdobbzGs1m9u119SkkJt8e/mk3xLJz/udLtS2T6nY27OTXxBBw10HzAbC8Z9w08VyP/g==",
        "dependencies": {
          "Microsoft.CodeAnalysis.Common": "[4.8.0]"
        }
      },
      "Microsoft.EntityFrameworkCore": {
        "type": "CentralTransitive",
        "requested": "[8.0.6, )",
        "resolved": "8.0.6",
        "contentHash": "Ms5e5QuBAjVIuQsGumeLvkgMiOpnj6wxPvwBIoe1NfTkseWK4NZYztnhgDlpkCPkrUmJEXLv69kl349Ours30Q==",
        "dependencies": {
          "Microsoft.EntityFrameworkCore.Abstractions": "8.0.6",
          "Microsoft.EntityFrameworkCore.Analyzers": "8.0.6",
          "Microsoft.Extensions.Caching.Memory": "8.0.0",
          "Microsoft.Extensions.Logging": "8.0.0"
        }
      },
      "Microsoft.Extensions.DependencyInjection.Abstractions": {
        "type": "CentralTransitive",
        "requested": "[8.0.1, )",
        "resolved": "8.0.1",
        "contentHash": "fGLiCRLMYd00JYpClraLjJTNKLmMJPnqxMaiRzEBIIvevlzxz33mXy39Lkd48hu1G+N21S7QpaO5ZzKsI6FRuA=="
      },
      "Microsoft.Extensions.Identity.Core": {
        "type": "CentralTransitive",
        "requested": "[8.0.6, )",
        "resolved": "8.0.6",
        "contentHash": "a9tAy8vVTJnew/imk+pfNiZrjHH6stO4YMhZUs++hmeVCAmjma88rV62rsRO+lFrINR5aqBFvK3kE8MHnGZ+7w==",
        "dependencies": {
          "Microsoft.AspNetCore.Cryptography.KeyDerivation": "8.0.6",
          "Microsoft.Extensions.Logging": "8.0.0",
          "Microsoft.Extensions.Options": "8.0.2"
        }
      },
      "Microsoft.Extensions.Identity.Stores": {
        "type": "CentralTransitive",
        "requested": "[8.0.6, )",
        "resolved": "8.0.6",
        "contentHash": "KGj7DLvkMYj5HzODDu/OiFIK/a4beU0nwfC/khZnl0uelkOAmo11K5iIFvYBfajLIn2CCbqXR/Wr5lVh8IHvZw==",
        "dependencies": {
          "Microsoft.Extensions.Caching.Abstractions": "8.0.0",
          "Microsoft.Extensions.Identity.Core": "8.0.6",
          "Microsoft.Extensions.Logging": "8.0.0"
        }
      },
      "Microsoft.Extensions.Logging": {
        "type": "CentralTransitive",
        "requested": "[8.0.0, )",
        "resolved": "8.0.0",
        "contentHash": "tvRkov9tAJ3xP51LCv3FJ2zINmv1P8Hi8lhhtcKGqM+ImiTCC84uOPEI4z8Cdq2C3o9e+Aa0Gw0rmrsJD77W+w==",
        "dependencies": {
          "Microsoft.Extensions.DependencyInjection": "8.0.0",
          "Microsoft.Extensions.Logging.Abstractions": "8.0.0",
          "Microsoft.Extensions.Options": "8.0.0"
        }
      },
      "Microsoft.IdentityModel.JsonWebTokens": {
        "type": "CentralTransitive",
        "requested": "[7.6.0, )",
        "resolved": "7.6.0",
        "contentHash": "lsleZbCuh3wZ3RfKd8WJ7E52nIeQQzJsDrgHN+B3Zhzd32UTQ1V3Vjn1N9PssnSulAoEMF0aAiue7ucX+TPoQA==",
        "dependencies": {
          "Microsoft.IdentityModel.Tokens": "7.6.0"
        }
      },
      "OpenTelemetry.Exporter.OpenTelemetryProtocol": {
        "type": "CentralTransitive",
        "requested": "[1.8.1, )",
        "resolved": "1.8.1",
        "contentHash": "kAn7VgAh/ZS2K+NCoJcQvxYJa/nLQazleyYcpLoXmkJzfJlcimJsnozQyZaROeaLYC0oTRgbONCcLi6j+cpZjg==",
        "dependencies": {
          "Google.Protobuf": "[3.22.5, 4.0.0)",
          "Grpc.Net.Client": "[2.52.0, 3.0.0)",
          "Microsoft.Extensions.Configuration.Binder": "8.0.1",
          "OpenTelemetry": "1.8.1"
        }
      },
      "OpenTelemetry.Exporter.Prometheus.AspNetCore": {
        "type": "CentralTransitive",
        "requested": "[1.6.0-rc.1, )",
        "resolved": "1.6.0-rc.1",
        "contentHash": "jLZ6wgR5l3XyYXgAO9vyssFG9zmywzRMLpqj2ibk4HtCqIM+aErL2Y89EcBFivcROLCMF+h19+DRFEX77LyjOA==",
        "dependencies": {
          "OpenTelemetry": "1.6.0-rc.1"
        }
      },
      "OpenTelemetry.Extensions.Hosting": {
        "type": "CentralTransitive",
        "requested": "[1.8.1, )",
        "resolved": "1.8.1",
        "contentHash": "vAiiKFPGDUkCUu+edSZf95n33AC7VdynDG+wF+KolTQL+8YphlvQ5wn06PDegD0CJVqk8imwqN+LCb/JjsGxKA==",
        "dependencies": {
          "Microsoft.Extensions.Hosting.Abstractions": "8.0.0",
          "OpenTelemetry": "1.8.1"
        }
      },
      "OpenTelemetry.Instrumentation.Http": {
        "type": "CentralTransitive",
        "requested": "[1.8.1, )",
        "resolved": "1.8.1",
        "contentHash": "l1KaO1U+v11X/kfZ8tcONc5l1qoP6nPk6yPrXBJNH0Wb6NEBTdEgI1dtJBbqOnjOrI2XS09le0ZGooh9ZVkZ3Q==",
        "dependencies": {
          "Microsoft.Extensions.Configuration": "8.0.0",
          "Microsoft.Extensions.Options": "8.0.0",
          "OpenTelemetry.Api.ProviderBuilderExtensions": "1.8.0"
        }
      }
    }
  }
}